
Microsoft Visual Studio Solution File, Format Version 12.00
# Visual Studio Version 16
VisualStudioVersion = 16.0.29001.49
MinimumVisualStudioVersion = 10.0.40219.1
Project("{FAE04EC0-301F-11D3-BF4B-00C04F79EFBC}") = "Constructores1", "Constructores1\Constructores1.csproj", "{F16CCD1A-953B-4F1C-B7B8-43DD20820244}"
EndProject
Global
	GlobalSection(SolutionConfigurationPlatforms) = preSolution
		Debug|Any CPU = Debug|Any CPU
		Release|Any CPU = Release|Any CPU
	EndGlobalSection
	GlobalSection(ProjectConfigurationPlatforms) = postSolution
		{F16CCD1A-953B-4F1C-B7B8-43DD20820244}.Debug|Any CPU.ActiveCfg = Debug|Any CPU
		{F16CCD1A-953B-4F1C-B7B8-43DD20820244}.Debug|Any CPU.Build.0 = Debug|Any CPU
		{F16CCD1A-953B-4F1C-B7B8-43DD20820244}.Release|Any CPU.ActiveCfg = Release|Any CPU
		{F16CCD1A-953B-4F1C-B7B8-43DD20820244}.Release|Any CPU.Build.0 = Release|Any CPU
	EndGlobalSection
	GlobalSection(SolutionProperties) = preSolution
		HideSolutionNode = FALSE
	EndGlobalSection
	GlobalSection(ExtensibilityGlobals) = postSolution
		SolutionGuid = {6C080F9D-1593-43AC-9248-1ED4D61B86AC}
	EndGlobalSection
EndGlobal
